
Microsoft Visual Studio Solution File, Format Version 12.00
# Visual Studio Version 17
VisualStudioVersion = 17.10.35004.147
MinimumVisualStudioVersion = 10.0.40219.1
Project("{FAE04EC0-301F-11D3-BF4B-00C04F79EFBC}") = "TaskApi", "TaskApi.csproj", "{17BDFAB2-13AB-44D6-96EC-E5A3697CE57A}"
EndProject
Global
	GlobalSection(SolutionConfigurationPlatforms) = preSolution
		Debug|Any CPU = Debug|Any CPU
		Release|Any CPU = Release|Any CPU
	EndGlobalSection
	GlobalSection(ProjectConfigurationPlatforms) = postSolution
		{17BDFAB2-13AB-44D6-96EC-E5A3697CE57A}.Debug|Any CPU.ActiveCfg = Debug|Any CPU
		{17BDFAB2-13AB-44D6-96EC-E5A3697CE57A}.Debug|Any CPU.Build.0 = Debug|Any CPU
		{17BDFAB2-13AB-44D6-96EC-E5A3697CE57A}.Release|Any CPU.ActiveCfg = Release|Any CPU
		{17BDFAB2-13AB-44D6-96EC-E5A3697CE57A}.Release|Any CPU.Build.0 = Release|Any CPU
	EndGlobalSection
	GlobalSection(SolutionProperties) = preSolution
		HideSolutionNode = FALSE
	EndGlobalSection
	GlobalSection(ExtensibilityGlobals) = postSolution
		SolutionGuid = {F1C8A941-1ADB-42EE-BC40-ABEFFAC4DDBC}
	EndGlobalSection
EndGlobal
